
Microsoft Visual Studio Solution File, Format Version 12.00
Project("{FAE04EC0-301F-11D3-BF4B-00C04F79EFBC}") = "Ekonomist.Scraper", "Ekonomist.Scraper\Ekonomist.Scraper.csproj", "{B862ADC7-AFC1-4434-A958-945F49A4F95E}"
EndProject
Project("{FAE04EC0-301F-11D3-BF4B-00C04F79EFBC}") = "Ekonomist.Scraper.Tests", "Ekonomist.Scraper.Tests\Ekonomist.Scraper.Tests.csproj", "{D8AB12C5-FE7F-41D9-B21F-80451289D23C}"
EndProject
Global
	GlobalSection(SolutionConfigurationPlatforms) = preSolution
		Debug|Any CPU = Debug|Any CPU
		Release|Any CPU = Release|Any CPU
	EndGlobalSection
	GlobalSection(ProjectConfigurationPlatforms) = postSolution
		{B862ADC7-AFC1-4434-A958-945F49A4F95E}.Debug|Any CPU.ActiveCfg = Debug|Any CPU
		{B862ADC7-AFC1-4434-A958-945F49A4F95E}.Debug|Any CPU.Build.0 = Debug|Any CPU
		{B862ADC7-AFC1-4434-A958-945F49A4F95E}.Release|Any CPU.ActiveCfg = Release|Any CPU
		{B862ADC7-AFC1-4434-A958-945F49A4F95E}.Release|Any CPU.Build.0 = Release|Any CPU
		{D8AB12C5-FE7F-41D9-B21F-80451289D23C}.Debug|Any CPU.ActiveCfg = Debug|Any CPU
		{D8AB12C5-FE7F-41D9-B21F-80451289D23C}.Debug|Any CPU.Build.0 = Debug|Any CPU
		{D8AB12C5-FE7F-41D9-B21F-80451289D23C}.Release|Any CPU.ActiveCfg = Release|Any CPU
		{D8AB12C5-FE7F-41D9-B21F-80451289D23C}.Release|Any CPU.Build.0 = Release|Any CPU
	EndGlobalSection
EndGlobal
